# THIS IS AN AUTOGENERATED FILE. DO NOT EDIT THIS FILE DIRECTLY.
# yarn lockfile v1


"@most/multicast@^1.2.5":
  version "1.3.0"
  resolved "https://registry.yarnpkg.com/@most/multicast/-/multicast-1.3.0.tgz#e01574840df634478ac3fabd164c6e830fb3b966"
  dependencies:
    "@most/prelude" "^1.4.0"

"@most/prelude@^1.4.0":
  version "1.7.2"
  resolved "https://registry.yarnpkg.com/@most/prelude/-/prelude-1.7.2.tgz#be4ed406518d4c8c220e45c39fa7251365425b73"

core-js@^2.5.7:
  version "2.5.7"
  resolved "https://registry.yarnpkg.com/core-js/-/core-js-2.5.7.tgz#f972608ff0cead68b841a16a932d0b183791814e"

drip@1.1.x:
  version "1.1.0"
  resolved "https://registry.yarnpkg.com/drip/-/drip-1.1.0.tgz#ccefb1e686d86fc115b70c9ec126f8f871bdfd7e"
  dependencies:
    tea-concat "0.1.0"

effector@^0.17.7:
  version "0.17.7"
  resolved "https://registry.yarnpkg.com/effector/-/effector-0.17.7.tgz#346b35bed8a2addb10e87f580a4731bdffbc1c3a"
  dependencies:
    invariant "^2.2.4"
    most "^1.7.3"
    symbol-observable "^1.2.0"
    warning "^4.0.1"

electron@0.4.x:
  version "0.4.1"
  resolved "https://registry.yarnpkg.com/electron/-/electron-0.4.1.tgz#a78a051a7882f4e542d6e207d8a1a73076b30144"
  dependencies:
    drip "1.1.x"

funcadelic@0.5.1:
  version "0.5.1"
  resolved "https://registry.yarnpkg.com/funcadelic/-/funcadelic-0.5.1.tgz#d0d0b69df4ba194da73730a962579e3895cb17a7"
  dependencies:
    invariant "2.2.4"

get-prototype-descriptors@0.6.0:
  version "0.6.0"
  resolved "https://registry.yarnpkg.com/get-prototype-descriptors/-/get-prototype-descriptors-0.6.0.tgz#37fbd24499ace002b899343b8f232ea794cea04e"
  dependencies:
    invariant "2.2.4"

invariant@2.2.4, invariant@^2.2.4:
  version "2.2.4"
  resolved "https://registry.yarnpkg.com/invariant/-/invariant-2.2.4.tgz#610f3c92c9359ce1db616e538008d23ff35158e6"
  dependencies:
    loose-envify "^1.0.0"

"js-tokens@^3.0.0 || ^4.0.0":
  version "4.0.0"
  resolved "https://registry.yarnpkg.com/js-tokens/-/js-tokens-4.0.0.tgz#19203fb59991df98e3a287050d4647cdeaf32499"

loose-envify@^1.0.0, loose-envify@^1.1.0:
  version "1.4.0"
  resolved "https://registry.yarnpkg.com/loose-envify/-/loose-envify-1.4.0.tgz#71ee51fa7be4caec1a63839f7e682d8132d30caf"
  dependencies:
    js-tokens "^3.0.0 || ^4.0.0"

matcha@^0.7.0:
  version "0.7.0"
  resolved "https://registry.yarnpkg.com/matcha/-/matcha-0.7.0.tgz#13f805409b37be57032c8458643bf1523ba68dda"
  dependencies:
    electron "0.4.x"
    v8-argv "0.1.x"

microstates@^0.8.1:
  version "0.8.1"
  resolved "https://registry.yarnpkg.com/microstates/-/microstates-0.8.1.tgz#a8b62530ad5b2fd0abc53421b5c4118d1e72338f"
  dependencies:
    funcadelic "0.5.1"
    get-prototype-descriptors "0.6.0"
    invariant "2.2.4"
    ramda "^0.25.0"
    symbol-observable "1.2.0"

mitt@^1.1.3:
  version "1.1.3"
  resolved "https://registry.yarnpkg.com/mitt/-/mitt-1.1.3.tgz#528c506238a05dce11cd914a741ea2cc332da9b8"

mobx-state-tree@^2.2.0:
  version "2.2.0"
  resolved "https://registry.yarnpkg.com/mobx-state-tree/-/mobx-state-tree-2.2.0.tgz#10bb84e090ed7700333ac52d05b304579fc78dc4"

mobx@^4.3.0:
  version "4.3.2"
  resolved "https://registry.yarnpkg.com/mobx/-/mobx-4.3.2.tgz#82540a42fd2f551ea975c8cb5f66b04b16c7775a"

most@^1.7.3:
  version "1.7.3"
  resolved "https://registry.yarnpkg.com/most/-/most-1.7.3.tgz#406c31a66d73aa16957816fdf96965e27df84f1a"
  dependencies:
    "@most/multicast" "^1.2.5"
    "@most/prelude" "^1.4.0"
    symbol-observable "^1.0.2"

parket@^0.4.2:
  version "0.4.2"
  resolved "https://registry.yarnpkg.com/parket/-/parket-0.4.2.tgz#9e35386ffe1ecce59a8565e83a0a8b6864b83fb1"
  dependencies:
    mitt "^1.1.3"

pathon@^2.0.4:
  version "2.0.8"
  resolved "https://registry.yarnpkg.com/pathon/-/pathon-2.0.8.tgz#a8aadbaa0b7e02900f6f5cf686fe92c3568434ac"

pretty-hrtime@^1.0.3:
  version "1.0.3"
  resolved "https://registry.yarnpkg.com/pretty-hrtime/-/pretty-hrtime-1.0.3.tgz#b7e3ea42435a4c9b2759d99e0f201eb195802ee1"

ramda@^0.25.0:
  version "0.25.0"
  resolved "https://registry.yarnpkg.com/ramda/-/ramda-0.25.0.tgz#8fdf68231cffa90bc2f9460390a0cb74a29b29a9"

redux@^4.0.0:
  version "4.0.0"
  resolved "https://registry.yarnpkg.com/redux/-/redux-4.0.0.tgz#aa698a92b729315d22b34a0553d7e6533555cc03"
  dependencies:
    loose-envify "^1.1.0"
    symbol-observable "^1.2.0"

symbol-observable@1.2.0, symbol-observable@^1.0.2, symbol-observable@^1.2.0:
  version "1.2.0"
  resolved "https://registry.yarnpkg.com/symbol-observable/-/symbol-observable-1.2.0.tgz#c22688aed4eab3cdc2dfeacbb561660560a00804"

tea-concat@0.1.0:
  version "0.1.0"
  resolved "https://registry.yarnpkg.com/tea-concat/-/tea-concat-0.1.0.tgz#ea2e907400fdd78a6334ce020fa3c69502d99e84"

v8-argv@0.1.x:
  version "0.1.0"
  resolved "https://registry.yarnpkg.com/v8-argv/-/v8-argv-0.1.0.tgz#adf777a52dbdc3da9c89c9465e59ed5f3cb6d9a9"

warning@^4.0.1:
  version "4.0.2"
  resolved "https://registry.yarnpkg.com/warning/-/warning-4.0.2.tgz#aa6876480872116fa3e11d434b0d0d8d91e44607"
  dependencies:
    loose-envify "^1.0.0"
